// !$*UTF8*$!
{
	archiveVersion = 1;
	classes = {
	};
	objectVersion = 48;
	objects = {

/* Begin PBXBuildFile section */
		3F3040201FDA8899000090E1 /* CoffeeMachineViewController.swift in Sources */ = {isa = PBXBuildFile; fileRef = 3F30401F1FDA8899000090E1 /* CoffeeMachineViewController.swift */; };
		3F3040221FDA88C5000090E1 /* FridgeViewController.swift in Sources */ = {isa = PBXBuildFile; fileRef = 3F3040211FDA88C5000090E1 /* FridgeViewController.swift */; };
		3F3040241FDA88DB000090E1 /* MicrowaveViewController.swift in Sources */ = {isa = PBXBuildFile; fileRef = 3F3040231FDA88DB000090E1 /* MicrowaveViewController.swift */; };
		3F3040261FDA88E7000090E1 /* FireAlarmViewController.swift in Sources */ = {isa = PBXBuildFile; fileRef = 3F3040251FDA88E7000090E1 /* FireAlarmViewController.swift */; };
		3F5AA51F1FED8CAB004C4FF7 /* Device+CoreDataClass.swift in Sources */ = {isa = PBXBuildFile; fileRef = 3F5AA51D1FED8CAB004C4FF7 /* Device+CoreDataClass.swift */; };
		3F5AA5201FED8CAB004C4FF7 /* Device+CoreDataProperties.swift in Sources */ = {isa = PBXBuildFile; fileRef = 3F5AA51E1FED8CAB004C4FF7 /* Device+CoreDataProperties.swift */; };
		3F5AA5241FED8CE4004C4FF7 /* CoffeeMachine+CoreDataClass.swift in Sources */ = {isa = PBXBuildFile; fileRef = 3F5AA5221FED8CE4004C4FF7 /* CoffeeMachine+CoreDataClass.swift */; };
		3F5AA5251FED8CE4004C4FF7 /* CoffeeMachine+CoreDataProperties.swift in Sources */ = {isa = PBXBuildFile; fileRef = 3F5AA5231FED8CE4004C4FF7 /* CoffeeMachine+CoreDataProperties.swift */; };
		3F5AA5281FED8CFA004C4FF7 /* CookingPot+CoreDataClass.swift in Sources */ = {isa = PBXBuildFile; fileRef = 3F5AA5261FED8CFA004C4FF7 /* CookingPot+CoreDataClass.swift */; };
		3F5AA5291FED8CFA004C4FF7 /* CookingPot+CoreDataProperties.swift in Sources */ = {isa = PBXBuildFile; fileRef = 3F5AA5271FED8CFA004C4FF7 /* CookingPot+CoreDataProperties.swift */; };
		3F5AA52C1FED8D2C004C4FF7 /* FireAlarm+CoreDataClass.swift in Sources */ = {isa = PBXBuildFile; fileRef = 3F5AA52A1FED8D2C004C4FF7 /* FireAlarm+CoreDataClass.swift */; };
		3F5AA52D1FED8D2C004C4FF7 /* FireAlarm+CoreDataProperties.swift in Sources */ = {isa = PBXBuildFile; fileRef = 3F5AA52B1FED8D2C004C4FF7 /* FireAlarm+CoreDataProperties.swift */; };
		3F5AA5301FED8D43004C4FF7 /* Fridge+CoreDataClass.swift in Sources */ = {isa = PBXBuildFile; fileRef = 3F5AA52E1FED8D43004C4FF7 /* Fridge+CoreDataClass.swift */; };
		3F5AA5311FED8D43004C4FF7 /* Fridge+CoreDataProperties.swift in Sources */ = {isa = PBXBuildFile; fileRef = 3F5AA52F1FED8D43004C4FF7 /* Fridge+CoreDataProperties.swift */; };
		3F5AA5341FED8D56004C4FF7 /* Microwave+CoreDataClass.swift in Sources */ = {isa = PBXBuildFile; fileRef = 3F5AA5321FED8D56004C4FF7 /* Microwave+CoreDataClass.swift */; };
		3F5AA5351FED8D56004C4FF7 /* Microwave+CoreDataProperties.swift in Sources */ = {isa = PBXBuildFile; fileRef = 3F5AA5331FED8D56004C4FF7 /* Microwave+CoreDataProperties.swift */; };
		3F9E05491FFCC10D001AC6C9 /* RoundButton.swift in Sources */ = {isa = PBXBuildFile; fileRef = 3F9E05481FFCC10D001AC6C9 /* RoundButton.swift */; };
		3FA736461FDECD3100E07A30 /* CookingPotViewController.swift in Sources */ = {isa = PBXBuildFile; fileRef = 3FA736451FDECD3100E07A30 /* CookingPotViewController.swift */; };
		3FAD00B21FD14B850072D09F /* DeviceDataSource.swift in Sources */ = {isa = PBXBuildFile; fileRef = 3FAD00B11FD14B850072D09F /* DeviceDataSource.swift */; };
		3FAD00B61FD15D8B0072D09F /* DeviceTableViewCell.swift in Sources */ = {isa = PBXBuildFile; fileRef = 3FAD00B51FD15D8B0072D09F /* DeviceTableViewCell.swift */; };
		3FAD00B81FD15FA70072D09F /* DeviceTableViewController.swift in Sources */ = {isa = PBXBuildFile; fileRef = 3FAD00B71FD15FA70072D09F /* DeviceTableViewController.swift */; };
		3FCB28D21FD0435A009117A4 /* AppDelegate.swift in Sources */ = {isa = PBXBuildFile; fileRef = 3FCB28D11FD0435A009117A4 /* AppDelegate.swift */; };
		3FCB28D41FD0435A009117A4 /* ViewController.swift in Sources */ = {isa = PBXBuildFile; fileRef = 3FCB28D31FD0435A009117A4 /* ViewController.swift */; };
		3FCB28D71FD0435A009117A4 /* Main.storyboard in Resources */ = {isa = PBXBuildFile; fileRef = 3FCB28D51FD0435A009117A4 /* Main.storyboard */; };
		3FCB28D91FD0435A009117A4 /* Assets.xcassets in Resources */ = {isa = PBXBuildFile; fileRef = 3FCB28D81FD0435A009117A4 /* Assets.xcassets */; };
		3FCB28E71FD0435B009117A4 /* SmartChefTests.swift in Sources */ = {isa = PBXBuildFile; fileRef = 3FCB28E61FD0435B009117A4 /* SmartChefTests.swift */; };
		3FCB28F21FD0435B009117A4 /* SmartChefUITests.swift in Sources */ = {isa = PBXBuildFile; fileRef = 3FCB28F11FD0435B009117A4 /* SmartChefUITests.swift */; };
		3FD468D61FEFE09700AA8365 /* PersistenceService.swift in Sources */ = {isa = PBXBuildFile; fileRef = 3FD468D51FEFE09700AA8365 /* PersistenceService.swift */; };
		3FD4F60E1FED7F53008F5306 /* SmartChef.xcdatamodeld in Sources */ = {isa = PBXBuildFile; fileRef = 3FD4F60C1FED7F53008F5306 /* SmartChef.xcdatamodeld */; };
		910A6ED01FF53F2600F26871 /* FirstLaunch.swift in Sources */ = {isa = PBXBuildFile; fileRef = 910A6ECF1FF53F2500F26871 /* FirstLaunch.swift */; };
/* End PBXBuildFile section */

/* Begin PBXContainerItemProxy section */
		3FCB28E31FD0435B009117A4 /* PBXContainerItemProxy */ = {
			isa = PBXContainerItemProxy;
			containerPortal = 3FCB28C61FD04359009117A4 /* Project object */;
			proxyType = 1;
			remoteGlobalIDString = 3FCB28CD1FD04359009117A4;
			remoteInfo = SmartChef;
		};
		3FCB28EE1FD0435B009117A4 /* PBXContainerItemProxy */ = {
			isa = PBXContainerItemProxy;
			containerPortal = 3FCB28C61FD04359009117A4 /* Project object */;
			proxyType = 1;
			remoteGlobalIDString = 3FCB28CD1FD04359009117A4;
			remoteInfo = SmartChef;
		};
/* End PBXContainerItemProxy section */

/* Begin PBXFileReference section */
		3F30401F1FDA8899000090E1 /* CoffeeMachineViewController.swift */ = {isa = PBXFileReference; lastKnownFileType = sourcecode.swift; path = CoffeeMachineViewController.swift; sourceTree = "<group>"; };
		3F3040211FDA88C5000090E1 /* FridgeViewController.swift */ = {isa = PBXFileReference; lastKnownFileType = sourcecode.swift; path = FridgeViewController.swift; sourceTree = "<group>"; };
		3F3040231FDA88DB000090E1 /* MicrowaveViewController.swift */ = {isa = PBXFileReference; lastKnownFileType = sourcecode.swift; path = MicrowaveViewController.swift; sourceTree = "<group>"; };
		3F3040251FDA88E7000090E1 /* FireAlarmViewController.swift */ = {isa = PBXFileReference; lastKnownFileType = sourcecode.swift; path = FireAlarmViewController.swift; sourceTree = "<group>"; };
		3F5AA51D1FED8CAB004C4FF7 /* Device+CoreDataClass.swift */ = {isa = PBXFileReference; lastKnownFileType = sourcecode.swift; path = "Device+CoreDataClass.swift"; sourceTree = "<group>"; };
		3F5AA51E1FED8CAB004C4FF7 /* Device+CoreDataProperties.swift */ = {isa = PBXFileReference; lastKnownFileType = sourcecode.swift; path = "Device+CoreDataProperties.swift"; sourceTree = "<group>"; };
		3F5AA5221FED8CE4004C4FF7 /* CoffeeMachine+CoreDataClass.swift */ = {isa = PBXFileReference; lastKnownFileType = sourcecode.swift; path = "CoffeeMachine+CoreDataClass.swift"; sourceTree = "<group>"; };
		3F5AA5231FED8CE4004C4FF7 /* CoffeeMachine+CoreDataProperties.swift */ = {isa = PBXFileReference; lastKnownFileType = sourcecode.swift; path = "CoffeeMachine+CoreDataProperties.swift"; sourceTree = "<group>"; };
		3F5AA5261FED8CFA004C4FF7 /* CookingPot+CoreDataClass.swift */ = {isa = PBXFileReference; lastKnownFileType = sourcecode.swift; path = "CookingPot+CoreDataClass.swift"; sourceTree = "<group>"; };
		3F5AA5271FED8CFA004C4FF7 /* CookingPot+CoreDataProperties.swift */ = {isa = PBXFileReference; lastKnownFileType = sourcecode.swift; path = "CookingPot+CoreDataProperties.swift"; sourceTree = "<group>"; };
		3F5AA52A1FED8D2C004C4FF7 /* FireAlarm+CoreDataClass.swift */ = {isa = PBXFileReference; lastKnownFileType = sourcecode.swift; path = "FireAlarm+CoreDataClass.swift"; sourceTree = "<group>"; };
		3F5AA52B1FED8D2C004C4FF7 /* FireAlarm+CoreDataProperties.swift */ = {isa = PBXFileReference; lastKnownFileType = sourcecode.swift; path = "FireAlarm+CoreDataProperties.swift"; sourceTree = "<group>"; };
		3F5AA52E1FED8D43004C4FF7 /* Fridge+CoreDataClass.swift */ = {isa = PBXFileReference; lastKnownFileType = sourcecode.swift; path = "Fridge+CoreDataClass.swift"; sourceTree = "<group>"; };
		3F5AA52F1FED8D43004C4FF7 /* Fridge+CoreDataProperties.swift */ = {isa = PBXFileReference; lastKnownFileType = sourcecode.swift; path = "Fridge+CoreDataProperties.swift"; sourceTree = "<group>"; };
		3F5AA5321FED8D56004C4FF7 /* Microwave+CoreDataClass.swift */ = {isa = PBXFileReference; lastKnownFileType = sourcecode.swift; path = "Microwave+CoreDataClass.swift"; sourceTree = "<group>"; };
		3F5AA5331FED8D56004C4FF7 /* Microwave+CoreDataProperties.swift */ = {isa = PBXFileReference; lastKnownFileType = sourcecode.swift; path = "Microwave+CoreDataProperties.swift"; sourceTree = "<group>"; };
		3F9E05481FFCC10D001AC6C9 /* RoundButton.swift */ = {isa = PBXFileReference; lastKnownFileType = sourcecode.swift; path = RoundButton.swift; sourceTree = "<group>"; };
		3FA736451FDECD3100E07A30 /* CookingPotViewController.swift */ = {isa = PBXFileReference; lastKnownFileType = sourcecode.swift; path = CookingPotViewController.swift; sourceTree = "<group>"; };
		3FAD00B11FD14B850072D09F /* DeviceDataSource.swift */ = {isa = PBXFileReference; lastKnownFileType = sourcecode.swift; path = DeviceDataSource.swift; sourceTree = "<group>"; };
		3FAD00B51FD15D8B0072D09F /* DeviceTableViewCell.swift */ = {isa = PBXFileReference; lastKnownFileType = sourcecode.swift; path = DeviceTableViewCell.swift; sourceTree = "<group>"; };
		3FAD00B71FD15FA70072D09F /* DeviceTableViewController.swift */ = {isa = PBXFileReference; lastKnownFileType = sourcecode.swift; path = DeviceTableViewController.swift; sourceTree = "<group>"; };
		3FCB28CE1FD04359009117A4 /* SmartChef.app */ = {isa = PBXFileReference; explicitFileType = wrapper.application; includeInIndex = 0; path = SmartChef.app; sourceTree = BUILT_PRODUCTS_DIR; };
		3FCB28D11FD0435A009117A4 /* AppDelegate.swift */ = {isa = PBXFileReference; lastKnownFileType = sourcecode.swift; path = AppDelegate.swift; sourceTree = "<group>"; };
		3FCB28D31FD0435A009117A4 /* ViewController.swift */ = {isa = PBXFileReference; lastKnownFileType = sourcecode.swift; path = ViewController.swift; sourceTree = "<group>"; };
		3FCB28D61FD0435A009117A4 /* Base */ = {isa = PBXFileReference; lastKnownFileType = file.storyboard; name = Base; path = Base.lproj/Main.storyboard; sourceTree = "<group>"; };
		3FCB28D81FD0435A009117A4 /* Assets.xcassets */ = {isa = PBXFileReference; lastKnownFileType = folder.assetcatalog; path = Assets.xcassets; sourceTree = "<group>"; };
		3FCB28DD1FD0435A009117A4 /* Info.plist */ = {isa = PBXFileReference; lastKnownFileType = text.plist.xml; path = Info.plist; sourceTree = "<group>"; };
		3FCB28E21FD0435B009117A4 /* SmartChefTests.xctest */ = {isa = PBXFileReference; explicitFileType = wrapper.cfbundle; includeInIndex = 0; path = SmartChefTests.xctest; sourceTree = BUILT_PRODUCTS_DIR; };
		3FCB28E61FD0435B009117A4 /* SmartChefTests.swift */ = {isa = PBXFileReference; lastKnownFileType = sourcecode.swift; path = SmartChefTests.swift; sourceTree = "<group>"; };
		3FCB28E81FD0435B009117A4 /* Info.plist */ = {isa = PBXFileReference; lastKnownFileType = text.plist.xml; path = Info.plist; sourceTree = "<group>"; };
		3FCB28ED1FD0435B009117A4 /* SmartChefUITests.xctest */ = {isa = PBXFileReference; explicitFileType = wrapper.cfbundle; includeInIndex = 0; path = SmartChefUITests.xctest; sourceTree = BUILT_PRODUCTS_DIR; };
		3FCB28F11FD0435B009117A4 /* SmartChefUITests.swift */ = {isa = PBXFileReference; lastKnownFileType = sourcecode.swift; path = SmartChefUITests.swift; sourceTree = "<group>"; };
		3FCB28F31FD0435B009117A4 /* Info.plist */ = {isa = PBXFileReference; lastKnownFileType = text.plist.xml; path = Info.plist; sourceTree = "<group>"; };
		3FD468D51FEFE09700AA8365 /* PersistenceService.swift */ = {isa = PBXFileReference; fileEncoding = 4; lastKnownFileType = sourcecode.swift; path = PersistenceService.swift; sourceTree = "<group>"; };
		3FD4F60D1FED7F53008F5306 /* Model.xcdatamodel */ = {isa = PBXFileReference; lastKnownFileType = wrapper.xcdatamodel; path = Model.xcdatamodel; sourceTree = "<group>"; };
		910A6ECF1FF53F2500F26871 /* FirstLaunch.swift */ = {isa = PBXFileReference; fileEncoding = 4; lastKnownFileType = sourcecode.swift; name = FirstLaunch.swift; path = SmartChef/FirstLaunch.swift; sourceTree = SOURCE_ROOT; };
/* End PBXFileReference section */

/* Begin PBXFrameworksBuildPhase section */
		3FCB28CB1FD04359009117A4 /* Frameworks */ = {
			isa = PBXFrameworksBuildPhase;
			buildActionMask = 2147483647;
			files = (
			);
			runOnlyForDeploymentPostprocessing = 0;
		};
		3FCB28DF1FD0435B009117A4 /* Frameworks */ = {
			isa = PBXFrameworksBuildPhase;
			buildActionMask = 2147483647;
			files = (
			);
			runOnlyForDeploymentPostprocessing = 0;
		};
		3FCB28EA1FD0435B009117A4 /* Frameworks */ = {
			isa = PBXFrameworksBuildPhase;
			buildActionMask = 2147483647;
			files = (
			);
			runOnlyForDeploymentPostprocessing = 0;
		};
/* End PBXFrameworksBuildPhase section */

/* Begin PBXGroup section */
		3F5AA5211FED8CBB004C4FF7 /* CoreData */ = {
			isa = PBXGroup;
			children = (
				3F5AA5321FED8D56004C4FF7 /* Microwave+CoreDataClass.swift */,
				3F5AA5331FED8D56004C4FF7 /* Microwave+CoreDataProperties.swift */,
				3F5AA52E1FED8D43004C4FF7 /* Fridge+CoreDataClass.swift */,
				3F5AA52F1FED8D43004C4FF7 /* Fridge+CoreDataProperties.swift */,
				3F5AA52A1FED8D2C004C4FF7 /* FireAlarm+CoreDataClass.swift */,
				3F5AA52B1FED8D2C004C4FF7 /* FireAlarm+CoreDataProperties.swift */,
				3F5AA5261FED8CFA004C4FF7 /* CookingPot+CoreDataClass.swift */,
				3F5AA5271FED8CFA004C4FF7 /* CookingPot+CoreDataProperties.swift */,
				3F5AA5221FED8CE4004C4FF7 /* CoffeeMachine+CoreDataClass.swift */,
				3F5AA5231FED8CE4004C4FF7 /* CoffeeMachine+CoreDataProperties.swift */,
				3F5AA51D1FED8CAB004C4FF7 /* Device+CoreDataClass.swift */,
				3F5AA51E1FED8CAB004C4FF7 /* Device+CoreDataProperties.swift */,
			);
			path = CoreData;
			sourceTree = "<group>";
		};
		3F60B5BB1FFCD68F00A8B54A /* IBDesignables */ = {
			isa = PBXGroup;
			children = (
				3F9E05481FFCC10D001AC6C9 /* RoundButton.swift */,
			);
			path = IBDesignables;
			sourceTree = "<group>";
		};
		3FAD00AE1FD137940072D09F /* Model */ = {
			isa = PBXGroup;
			children = (
				3F5AA5211FED8CBB004C4FF7 /* CoreData */,
				3FD4F60C1FED7F53008F5306 /* SmartChef.xcdatamodeld */,
				3FAD00B11FD14B850072D09F /* DeviceDataSource.swift */,
			);
			path = Model;
			sourceTree = "<group>";
		};
		3FAD00B31FD1577A0072D09F /* Controllers */ = {
			isa = PBXGroup;
			children = (
				3FCB28D31FD0435A009117A4 /* ViewController.swift */,
				3FAD00B71FD15FA70072D09F /* DeviceTableViewController.swift */,
				3F30401F1FDA8899000090E1 /* CoffeeMachineViewController.swift */,
				3F3040211FDA88C5000090E1 /* FridgeViewController.swift */,
				3F3040231FDA88DB000090E1 /* MicrowaveViewController.swift */,
				3F3040251FDA88E7000090E1 /* FireAlarmViewController.swift */,
				3FA736451FDECD3100E07A30 /* CookingPotViewController.swift */,
			);
			path = Controllers;
			sourceTree = "<group>";
		};
		3FAD00B41FD157880072D09F /* Views */ = {
			isa = PBXGroup;
			children = (
				3F60B5BB1FFCD68F00A8B54A /* IBDesignables */,
				3FCB28D51FD0435A009117A4 /* Main.storyboard */,
				3FAD00B51FD15D8B0072D09F /* DeviceTableViewCell.swift */,
			);
			path = Views;
			sourceTree = "<group>";
		};
		3FCB28C51FD04359009117A4 = {
			isa = PBXGroup;
			children = (
				3FCB28D01FD04359009117A4 /* SmartChef */,
				3FCB28E51FD0435B009117A4 /* SmartChefTests */,
				3FCB28F01FD0435B009117A4 /* SmartChefUITests */,
				3FCB28CF1FD04359009117A4 /* Products */,
			);
			sourceTree = "<group>";
		};
		3FCB28CF1FD04359009117A4 /* Products */ = {
			isa = PBXGroup;
			children = (
				3FCB28CE1FD04359009117A4 /* SmartChef.app */,
				3FCB28E21FD0435B009117A4 /* SmartChefTests.xctest */,
				3FCB28ED1FD0435B009117A4 /* SmartChefUITests.xctest */,
			);
			name = Products;
			sourceTree = "<group>";
		};
		3FCB28D01FD04359009117A4 /* SmartChef */ = {
			isa = PBXGroup;
			children = (
				3FAD00B41FD157880072D09F /* Views */,
				3FAD00B31FD1577A0072D09F /* Controllers */,
				3FAD00AE1FD137940072D09F /* Model */,
				3FCB28D11FD0435A009117A4 /* AppDelegate.swift */,
				910A6ECF1FF53F2500F26871 /* FirstLaunch.swift */,
				3FD468D51FEFE09700AA8365 /* PersistenceService.swift */,
				3FCB28D81FD0435A009117A4 /* Assets.xcassets */,
				3FCB28DD1FD0435A009117A4 /* Info.plist */,
			);
			path = SmartChef;
			sourceTree = "<group>";
		};
		3FCB28E51FD0435B009117A4 /* SmartChefTests */ = {
			isa = PBXGroup;
			children = (
				3FCB28E61FD0435B009117A4 /* SmartChefTests.swift */,
				3FCB28E81FD0435B009117A4 /* Info.plist */,
			);
			path = SmartChefTests;
			sourceTree = "<group>";
		};
		3FCB28F01FD0435B009117A4 /* SmartChefUITests */ = {
			isa = PBXGroup;
			children = (
				3FCB28F11FD0435B009117A4 /* SmartChefUITests.swift */,
				3FCB28F31FD0435B009117A4 /* Info.plist */,
			);
			path = SmartChefUITests;
			sourceTree = "<group>";
		};
/* End PBXGroup section */

/* Begin PBXNativeTarget section */
		3FCB28CD1FD04359009117A4 /* SmartChef */ = {
			isa = PBXNativeTarget;
			buildConfigurationList = 3FCB28F61FD0435B009117A4 /* Build configuration list for PBXNativeTarget "SmartChef" */;
			buildPhases = (
				3FCB28CA1FD04359009117A4 /* Sources */,
				3FCB28CB1FD04359009117A4 /* Frameworks */,
				3FCB28CC1FD04359009117A4 /* Resources */,
			);
			buildRules = (
			);
			dependencies = (
			);
			name = SmartChef;
			productName = SmartChef;
			productReference = 3FCB28CE1FD04359009117A4 /* SmartChef.app */;
			productType = "com.apple.product-type.application";
		};
		3FCB28E11FD0435B009117A4 /* SmartChefTests */ = {
			isa = PBXNativeTarget;
			buildConfigurationList = 3FCB28F91FD0435B009117A4 /* Build configuration list for PBXNativeTarget "SmartChefTests" */;
			buildPhases = (
				3FCB28DE1FD0435B009117A4 /* Sources */,
				3FCB28DF1FD0435B009117A4 /* Frameworks */,
				3FCB28E01FD0435B009117A4 /* Resources */,
			);
			buildRules = (
			);
			dependencies = (
				3FCB28E41FD0435B009117A4 /* PBXTargetDependency */,
			);
			name = SmartChefTests;
			productName = SmartChefTests;
			productReference = 3FCB28E21FD0435B009117A4 /* SmartChefTests.xctest */;
			productType = "com.apple.product-type.bundle.unit-test";
		};
		3FCB28EC1FD0435B009117A4 /* SmartChefUITests */ = {
			isa = PBXNativeTarget;
			buildConfigurationList = 3FCB28FC1FD0435B009117A4 /* Build configuration list for PBXNativeTarget "SmartChefUITests" */;
			buildPhases = (
				3FCB28E91FD0435B009117A4 /* Sources */,
				3FCB28EA1FD0435B009117A4 /* Frameworks */,
				3FCB28EB1FD0435B009117A4 /* Resources */,
			);
			buildRules = (
			);
			dependencies = (
				3FCB28EF1FD0435B009117A4 /* PBXTargetDependency */,
			);
			name = SmartChefUITests;
			productName = SmartChefUITests;
			productReference = 3FCB28ED1FD0435B009117A4 /* SmartChefUITests.xctest */;
			productType = "com.apple.product-type.bundle.ui-testing";
		};
/* End PBXNativeTarget section */

/* Begin PBXProject section */
		3FCB28C61FD04359009117A4 /* Project object */ = {
			isa = PBXProject;
			attributes = {
				LastSwiftUpdateCheck = 0910;
				LastUpgradeCheck = 0910;
				ORGANIZATIONNAME = hskl;
				TargetAttributes = {
					3FCB28CD1FD04359009117A4 = {
						CreatedOnToolsVersion = 9.1;
						ProvisioningStyle = Automatic;
					};
					3FCB28E11FD0435B009117A4 = {
						CreatedOnToolsVersion = 9.1;
						ProvisioningStyle = Automatic;
						TestTargetID = 3FCB28CD1FD04359009117A4;
					};
					3FCB28EC1FD0435B009117A4 = {
						CreatedOnToolsVersion = 9.1;
						ProvisioningStyle = Automatic;
						TestTargetID = 3FCB28CD1FD04359009117A4;
					};
				};
			};
			buildConfigurationList = 3FCB28C91FD04359009117A4 /* Build configuration list for PBXProject "SmartChef" */;
			compatibilityVersion = "Xcode 8.0";
			developmentRegion = en;
			hasScannedForEncodings = 0;
			knownRegions = (
				en,
				Base,
			);
			mainGroup = 3FCB28C51FD04359009117A4;
			productRefGroup = 3FCB28CF1FD04359009117A4 /* Products */;
			projectDirPath = "";
			projectRoot = "";
			targets = (
				3FCB28CD1FD04359009117A4 /* SmartChef */,
				3FCB28E11FD0435B009117A4 /* SmartChefTests */,
				3FCB28EC1FD0435B009117A4 /* SmartChefUITests */,
			);
		};
/* End PBXProject section */

/* Begin PBXResourcesBuildPhase section */
		3FCB28CC1FD04359009117A4 /* Resources */ = {
			isa = PBXResourcesBuildPhase;
			buildActionMask = 2147483647;
			files = (
				3FCB28D91FD0435A009117A4 /* Assets.xcassets in Resources */,
				3FCB28D71FD0435A009117A4 /* Main.storyboard in Resources */,
			);
			runOnlyForDeploymentPostprocessing = 0;
		};
		3FCB28E01FD0435B009117A4 /* Resources */ = {
			isa = PBXResourcesBuildPhase;
			buildActionMask = 2147483647;
			files = (
			);
			runOnlyForDeploymentPostprocessing = 0;
		};
		3FCB28EB1FD0435B009117A4 /* Resources */ = {
			isa = PBXResourcesBuildPhase;
			buildActionMask = 2147483647;
			files = (
			);
			runOnlyForDeploymentPostprocessing = 0;
		};
/* End PBXResourcesBuildPhase section */

/* Begin PBXSourcesBuildPhase section */
		3FCB28CA1FD04359009117A4 /* Sources */ = {
			isa = PBXSourcesBuildPhase;
			buildActionMask = 2147483647;
			files = (
				3FD468D61FEFE09700AA8365 /* PersistenceService.swift in Sources */,
				3FAD00B61FD15D8B0072D09F /* DeviceTableViewCell.swift in Sources */,
				3FAD00B81FD15FA70072D09F /* DeviceTableViewController.swift in Sources */,
				3F3040201FDA8899000090E1 /* CoffeeMachineViewController.swift in Sources */,
				3FCB28D41FD0435A009117A4 /* ViewController.swift in Sources */,
				3FA736461FDECD3100E07A30 /* CookingPotViewController.swift in Sources */,
				3F9E05491FFCC10D001AC6C9 /* RoundButton.swift in Sources */,
				3F3040261FDA88E7000090E1 /* FireAlarmViewController.swift in Sources */,
				3F5AA5241FED8CE4004C4FF7 /* CoffeeMachine+CoreDataClass.swift in Sources */,
				3FD4F60E1FED7F53008F5306 /* SmartChef.xcdatamodeld in Sources */,
				3F3040241FDA88DB000090E1 /* MicrowaveViewController.swift in Sources */,
				910A6ED01FF53F2600F26871 /* FirstLaunch.swift in Sources */,
				3F5AA52C1FED8D2C004C4FF7 /* FireAlarm+CoreDataClass.swift in Sources */,
				3F5AA5311FED8D43004C4FF7 /* Fridge+CoreDataProperties.swift in Sources */,
				3FCB28D21FD0435A009117A4 /* AppDelegate.swift in Sources */,
				3F5AA5341FED8D56004C4FF7 /* Microwave+CoreDataClass.swift in Sources */,
				3F5AA5281FED8CFA004C4FF7 /* CookingPot+CoreDataClass.swift in Sources */,
				3F3040221FDA88C5000090E1 /* FridgeViewController.swift in Sources */,
				3FAD00B21FD14B850072D09F /* DeviceDataSource.swift in Sources */,
				3F5AA5201FED8CAB004C4FF7 /* Device+CoreDataProperties.swift in Sources */,
				3F5AA5251FED8CE4004C4FF7 /* CoffeeMachine+CoreDataProperties.swift in Sources */,
				3F5AA51F1FED8CAB004C4FF7 /* Device+CoreDataClass.swift in Sources */,
				3F5AA52D1FED8D2C004C4FF7 /* FireAlarm+CoreDataProperties.swift in Sources */,
				3F5AA5291FED8CFA004C4FF7 /* CookingPot+CoreDataProperties.swift in Sources */,
				3F5AA5301FED8D43004C4FF7 /* Fridge+CoreDataClass.swift in Sources */,
				3F5AA5351FED8D56004C4FF7 /* Microwave+CoreDataProperties.swift in Sources */,
			);
			runOnlyForDeploymentPostprocessing = 0;
		};
		3FCB28DE1FD0435B009117A4 /* Sources */ = {
			isa = PBXSourcesBuildPhase;
			buildActionMask = 2147483647;
			files = (
				3FCB28E71FD0435B009117A4 /* SmartChefTests.swift in Sources */,
			);
			runOnlyForDeploymentPostprocessing = 0;
		};
		3FCB28E91FD0435B009117A4 /* Sources */ = {
			isa = PBXSourcesBuildPhase;
			buildActionMask = 2147483647;
			files = (
				3FCB28F21FD0435B009117A4 /* SmartChefUITests.swift in Sources */,
			);
			runOnlyForDeploymentPostprocessing = 0;
		};
/* End PBXSourcesBuildPhase section */

/* Begin PBXTargetDependency section */
		3FCB28E41FD0435B009117A4 /* PBXTargetDependency */ = {
			isa = PBXTargetDependency;
			target = 3FCB28CD1FD04359009117A4 /* SmartChef */;
			targetProxy = 3FCB28E31FD0435B009117A4 /* PBXContainerItemProxy */;
		};
		3FCB28EF1FD0435B009117A4 /* PBXTargetDependency */ = {
			isa = PBXTargetDependency;
			target = 3FCB28CD1FD04359009117A4 /* SmartChef */;
			targetProxy = 3FCB28EE1FD0435B009117A4 /* PBXContainerItemProxy */;
		};
/* End PBXTargetDependency section */

/* Begin PBXVariantGroup section */
		3FCB28D51FD0435A009117A4 /* Main.storyboard */ = {
			isa = PBXVariantGroup;
			children = (
				3FCB28D61FD0435A009117A4 /* Base */,
			);
			name = Main.storyboard;
			sourceTree = "<group>";
		};
/* End PBXVariantGroup section */

/* Begin XCBuildConfiguration section */
		3FCB28F41FD0435B009117A4 /* Debug */ = {
			isa = XCBuildConfiguration;
			buildSettings = {
				ALWAYS_SEARCH_USER_PATHS = NO;
				CLANG_ANALYZER_NONNULL = YES;
				CLANG_ANALYZER_NUMBER_OBJECT_CONVERSION = YES_AGGRESSIVE;
				CLANG_CXX_LANGUAGE_STANDARD = "gnu++14";
				CLANG_CXX_LIBRARY = "libc++";
				CLANG_ENABLE_MODULES = YES;
				CLANG_ENABLE_OBJC_ARC = YES;
				CLANG_WARN_BLOCK_CAPTURE_AUTORELEASING = YES;
				CLANG_WARN_BOOL_CONVERSION = YES;
				CLANG_WARN_COMMA = YES;
				CLANG_WARN_CONSTANT_CONVERSION = YES;
				CLANG_WARN_DIRECT_OBJC_ISA_USAGE = YES_ERROR;
				CLANG_WARN_DOCUMENTATION_COMMENTS = YES;
				CLANG_WARN_EMPTY_BODY = YES;
				CLANG_WARN_ENUM_CONVERSION = YES;
				CLANG_WARN_INFINITE_RECURSION = YES;
				CLANG_WARN_INT_CONVERSION = YES;
				CLANG_WARN_NON_LITERAL_NULL_CONVERSION = YES;
				CLANG_WARN_OBJC_LITERAL_CONVERSION = YES;
				CLANG_WARN_OBJC_ROOT_CLASS = YES_ERROR;
				CLANG_WARN_RANGE_LOOP_ANALYSIS = YES;
				CLANG_WARN_STRICT_PROTOTYPES = YES;
				CLANG_WARN_SUSPICIOUS_MOVE = YES;
				CLANG_WARN_UNGUARDED_AVAILABILITY = YES_AGGRESSIVE;
				CLANG_WARN_UNREACHABLE_CODE = YES;
				CLANG_WARN__DUPLICATE_METHOD_MATCH = YES;
				CODE_SIGN_IDENTITY = "iPhone Developer";
				COPY_PHASE_STRIP = NO;
				DEBUG_INFORMATION_FORMAT = dwarf;
				ENABLE_STRICT_OBJC_MSGSEND = YES;
				ENABLE_TESTABILITY = YES;
				GCC_C_LANGUAGE_STANDARD = gnu11;
				GCC_DYNAMIC_NO_PIC = NO;
				GCC_NO_COMMON_BLOCKS = YES;
				GCC_OPTIMIZATION_LEVEL = 0;
				GCC_PREPROCESSOR_DEFINITIONS = (
					"DEBUG=1",
					"$(inherited)",
				);
				GCC_WARN_64_TO_32_BIT_CONVERSION = YES;
				GCC_WARN_ABOUT_RETURN_TYPE = YES_ERROR;
				GCC_WARN_UNDECLARED_SELECTOR = YES;
				GCC_WARN_UNINITIALIZED_AUTOS = YES_AGGRESSIVE;
				GCC_WARN_UNUSED_FUNCTION = YES;
				GCC_WARN_UNUSED_VARIABLE = YES;
				IPHONEOS_DEPLOYMENT_TARGET = 11.1;
				MTL_ENABLE_DEBUG_INFO = YES;
				ONLY_ACTIVE_ARCH = YES;
				SDKROOT = iphoneos;
				SWIFT_ACTIVE_COMPILATION_CONDITIONS = DEBUG;
				SWIFT_OPTIMIZATION_LEVEL = "-Onone";
			};
			name = Debug;
		};
		3FCB28F51FD0435B009117A4 /* Release */ = {
			isa = XCBuildConfiguration;
			buildSettings = {
				ALWAYS_SEARCH_USER_PATHS = NO;
				CLANG_ANALYZER_NONNULL = YES;
				CLANG_ANALYZER_NUMBER_OBJECT_CONVERSION = YES_AGGRESSIVE;
				CLANG_CXX_LANGUAGE_STANDARD = "gnu++14";
				CLANG_CXX_LIBRARY = "libc++";
				CLANG_ENABLE_MODULES = YES;
				CLANG_ENABLE_OBJC_ARC = YES;
				CLANG_WARN_BLOCK_CAPTURE_AUTORELEASING = YES;
				CLANG_WARN_BOOL_CONVERSION = YES;
				CLANG_WARN_COMMA = YES;
				CLANG_WARN_CONSTANT_CONVERSION = YES;
				CLANG_WARN_DIRECT_OBJC_ISA_USAGE = YES_ERROR;
				CLANG_WARN_DOCUMENTATION_COMMENTS = YES;
				CLANG_WARN_EMPTY_BODY = YES;
				CLANG_WARN_ENUM_CONVERSION = YES;
				CLANG_WARN_INFINITE_RECURSION = YES;
				CLANG_WARN_INT_CONVERSION = YES;
				CLANG_WARN_NON_LITERAL_NULL_CONVERSION = YES;
				CLANG_WARN_OBJC_LITERAL_CONVERSION = YES;
				CLANG_WARN_OBJC_ROOT_CLASS = YES_ERROR;
				CLANG_WARN_RANGE_LOOP_ANALYSIS = YES;
				CLANG_WARN_STRICT_PROTOTYPES = YES;
				CLANG_WARN_SUSPICIOUS_MOVE = YES;
				CLANG_WARN_UNGUARDED_AVAILABILITY = YES_AGGRESSIVE;
				CLANG_WARN_UNREACHABLE_CODE = YES;
				CLANG_WARN__DUPLICATE_METHOD_MATCH = YES;
				CODE_SIGN_IDENTITY = "iPhone Developer";
				COPY_PHASE_STRIP = NO;
				DEBUG_INFORMATION_FORMAT = "dwarf-with-dsym";
				ENABLE_NS_ASSERTIONS = NO;
				ENABLE_STRICT_OBJC_MSGSEND = YES;
				GCC_C_LANGUAGE_STANDARD = gnu11;
				GCC_NO_COMMON_BLOCKS = YES;
				GCC_WARN_64_TO_32_BIT_CONVERSION = YES;
				GCC_WARN_ABOUT_RETURN_TYPE = YES_ERROR;
				GCC_WARN_UNDECLARED_SELECTOR = YES;
				GCC_WARN_UNINITIALIZED_AUTOS = YES_AGGRESSIVE;
				GCC_WARN_UNUSED_FUNCTION = YES;
				GCC_WARN_UNUSED_VARIABLE = YES;
				IPHONEOS_DEPLOYMENT_TARGET = 11.1;
				MTL_ENABLE_DEBUG_INFO = NO;
				SDKROOT = iphoneos;
				SWIFT_OPTIMIZATION_LEVEL = "-Owholemodule";
				VALIDATE_PRODUCT = YES;
			};
			name = Release;
		};
		3FCB28F71FD0435B009117A4 /* Debug */ = {
			isa = XCBuildConfiguration;
			buildSettings = {
				ASSETCATALOG_COMPILER_APPICON_NAME = AppIcon;
				CODE_SIGN_STYLE = Automatic;
				INFOPLIST_FILE = SmartChef/Info.plist;
				LD_RUNPATH_SEARCH_PATHS = "$(inherited) @executable_path/Frameworks";
				PRODUCT_BUNDLE_IDENTIFIER = de.hskl.SmartChef;
				PRODUCT_NAME = "$(TARGET_NAME)";
				SWIFT_VERSION = 4.0;
				TARGETED_DEVICE_FAMILY = "1,2";
			};
			name = Debug;
		};
		3FCB28F81FD0435B009117A4 /* Release */ = {
			isa = XCBuildConfiguration;
			buildSettings = {
				ASSETCATALOG_COMPILER_APPICON_NAME = AppIcon;
				CODE_SIGN_STYLE = Automatic;
				INFOPLIST_FILE = SmartChef/Info.plist;
				LD_RUNPATH_SEARCH_PATHS = "$(inherited) @executable_path/Frameworks";
				PRODUCT_BUNDLE_IDENTIFIER = de.hskl.SmartChef;
				PRODUCT_NAME = "$(TARGET_NAME)";
				SWIFT_VERSION = 4.0;
				TARGETED_DEVICE_FAMILY = "1,2";
			};
			name = Release;
		};
		3FCB28FA1FD0435B009117A4 /* Debug */ = {
			isa = XCBuildConfiguration;
			buildSettings = {
				ALWAYS_EMBED_SWIFT_STANDARD_LIBRARIES = YES;
				BUNDLE_LOADER = "$(TEST_HOST)";
				CODE_SIGN_STYLE = Automatic;
				INFOPLIST_FILE = SmartChefTests/Info.plist;
				LD_RUNPATH_SEARCH_PATHS = "$(inherited) @executable_path/Frameworks @loader_path/Frameworks";
				PRODUCT_BUNDLE_IDENTIFIER = de.hskl.SmartChefTests;
				PRODUCT_NAME = "$(TARGET_NAME)";
				SWIFT_VERSION = 4.0;
				TARGETED_DEVICE_FAMILY = "1,2";
				TEST_HOST = "$(BUILT_PRODUCTS_DIR)/SmartChef.app/SmartChef";
			};
			name = Debug;
		};
		3FCB28FB1FD0435B009117A4 /* Release */ = {
			isa = XCBuildConfiguration;
			buildSettings = {
				ALWAYS_EMBED_SWIFT_STANDARD_LIBRARIES = YES;
				BUNDLE_LOADER = "$(TEST_HOST)";
				CODE_SIGN_STYLE = Automatic;
				INFOPLIST_FILE = SmartChefTests/Info.plist;
				LD_RUNPATH_SEARCH_PATHS = "$(inherited) @executable_path/Frameworks @loader_path/Frameworks";
				PRODUCT_BUNDLE_IDENTIFIER = de.hskl.SmartChefTests;
				PRODUCT_NAME = "$(TARGET_NAME)";
				SWIFT_VERSION = 4.0;
				TARGETED_DEVICE_FAMILY = "1,2";
				TEST_HOST = "$(BUILT_PRODUCTS_DIR)/SmartChef.app/SmartChef";
			};
			name = Release;
		};
		3FCB28FD1FD0435B009117A4 /* Debug */ = {
			isa = XCBuildConfiguration;
			buildSettings = {
				ALWAYS_EMBED_SWIFT_STANDARD_LIBRARIES = YES;
				CODE_SIGN_STYLE = Automatic;
				INFOPLIST_FILE = SmartChefUITests/Info.plist;
				LD_RUNPATH_SEARCH_PATHS = "$(inherited) @executable_path/Frameworks @loader_path/Frameworks";
				PRODUCT_BUNDLE_IDENTIFIER = de.hskl.SmartChefUITests;
				PRODUCT_NAME = "$(TARGET_NAME)";
				SWIFT_VERSION = 4.0;
				TARGETED_DEVICE_FAMILY = "1,2";
				TEST_TARGET_NAME = SmartChef;
			};
			name = Debug;
		};
		3FCB28FE1FD0435B009117A4 /* Release */ = {
			isa = XCBuildConfiguration;
			buildSettings = {
				ALWAYS_EMBED_SWIFT_STANDARD_LIBRARIES = YES;
				CODE_SIGN_STYLE = Automatic;
				INFOPLIST_FILE = SmartChefUITests/Info.plist;
				LD_RUNPATH_SEARCH_PATHS = "$(inherited) @executable_path/Frameworks @loader_path/Frameworks";
				PRODUCT_BUNDLE_IDENTIFIER = de.hskl.SmartChefUITests;
				PRODUCT_NAME = "$(TARGET_NAME)";
				SWIFT_VERSION = 4.0;
				TARGETED_DEVICE_FAMILY = "1,2";
				TEST_TARGET_NAME = SmartChef;
			};
			name = Release;
		};
/* End XCBuildConfiguration section */

/* Begin XCConfigurationList section */
		3FCB28C91FD04359009117A4 /* Build configuration list for PBXProject "SmartChef" */ = {
			isa = XCConfigurationList;
			buildConfigurations = (
				3FCB28F41FD0435B009117A4 /* Debug */,
				3FCB28F51FD0435B009117A4 /* Release */,
			);
			defaultConfigurationIsVisible = 0;
			defaultConfigurationName = Release;
		};
		3FCB28F61FD0435B009117A4 /* Build configuration list for PBXNativeTarget "SmartChef" */ = {
			isa = XCConfigurationList;
			buildConfigurations = (
				3FCB28F71FD0435B009117A4 /* Debug */,
				3FCB28F81FD0435B009117A4 /* Release */,
			);
			defaultConfigurationIsVisible = 0;
			defaultConfigurationName = Release;
		};
		3FCB28F91FD0435B009117A4 /* Build configuration list for PBXNativeTarget "SmartChefTests" */ = {
			isa = XCConfigurationList;
			buildConfigurations = (
				3FCB28FA1FD0435B009117A4 /* Debug */,
				3FCB28FB1FD0435B009117A4 /* Release */,
			);
			defaultConfigurationIsVisible = 0;
			defaultConfigurationName = Release;
		};
		3FCB28FC1FD0435B009117A4 /* Build configuration list for PBXNativeTarget "SmartChefUITests" */ = {
			isa = XCConfigurationList;
			buildConfigurations = (
				3FCB28FD1FD0435B009117A4 /* Debug */,
				3FCB28FE1FD0435B009117A4 /* Release */,
			);
			defaultConfigurationIsVisible = 0;
			defaultConfigurationName = Release;
		};
/* End XCConfigurationList section */

/* Begin XCVersionGroup section */
		3FD4F60C1FED7F53008F5306 /* SmartChef.xcdatamodeld */ = {
			isa = XCVersionGroup;
			children = (
				3FD4F60D1FED7F53008F5306 /* Model.xcdatamodel */,
			);
			currentVersion = 3FD4F60D1FED7F53008F5306 /* Model.xcdatamodel */;
			path = SmartChef.xcdatamodeld;
			sourceTree = "<group>";
			versionGroupType = wrapper.xcdatamodel;
		};
/* End XCVersionGroup section */
	};
	rootObject = 3FCB28C61FD04359009117A4 /* Project object */;
}
